{
  "version": 4,
  "terraform_version": "1.0.9",
  "serial": 292,
  "lineage": "e82105b7-484f-5266-3039-916973c4434d",
  "outputs": {
    "nextcloud-ip": {
      "value": "52.8.205.172/nextcloud",
      "type": "string"
    }
  },
  "resources": [
    {
      "mode": "data",
      "type": "aws_iam_policy_document",
      "name": "nextcloud-s3-policy-doc",
      "provider": "provider[\"registry.terraform.io/hashicorp/aws\"]",
      "instances": [
        {
          "schema_version": 0,
          "attributes": {
            "id": "36796116",
            "json": "{\n  \"Version\": \"2012-10-17\",\n  \"Statement\": [\n    {\n      \"Sid\": \"\",\n      \"Effect\": \"Allow\",\n      \"Action\": [\n        \"s3:*\",\n        \"s3-object-lambda:*\"\n      ],\n      \"Resource\": [\n        \"arn:aws:s3:::nextcloud-puttipat-demotermproj-bucket/*\",\n        \"arn:aws:s3:::nextcloud-puttipat-demotermproj-bucket\"\n      ]\n    }\n  ]\n}",
            "override_json": null,
            "override_policy_documents": null,
            "policy_id": null,
            "source_json": null,
            "source_policy_documents": null,
            "statement": [
              {
                "actions": [
                  "s3-object-lambda:*",
                  "s3:*"
                ],
                "condition": [],
                "effect": "Allow",
                "not_actions": [],
                "not_principals": [],
                "not_resources": [],
                "principals": [],
                "resources": [
                  "arn:aws:s3:::nextcloud-puttipat-demotermproj-bucket",
                  "arn:aws:s3:::nextcloud-puttipat-demotermproj-bucket/*"
                ],
                "sid": ""
              }
            ],
            "version": "2012-10-17"
          },
          "sensitive_attributes": []
        }
      ]
    },
    {
      "mode": "data",
      "type": "cloudinit_config",
      "name": "app-script",
      "provider": "provider[\"registry.terraform.io/hashicorp/cloudinit\"]",
      "instances": [
        {
          "schema_version": 0,
          "attributes": {
            "base64_encode": false,
            "boundary": "MIMEBOUNDARY",
            "gzip": false,
            "id": "2741907341",
            "part": [
              {
                "content": "#!/bin/bash\ncd ~\n# Install deps\nsudo apt update\nsudo apt install apache2 libapache2-mod-php7.4 -y\nsudo apt install php7.4-gd php7.4-mysql php7.4-curl php7.4-mbstring php7.4-intl -y\nsudo apt install php7.4-gmp php7.4-bcmath php-imagick php7.4-xml php7.4-zip -y\n\n# Download nextcloud\nwget https://download.nextcloud.com/server/releases/nextcloud-22.2.0.tar.bz2\ntar -xjvf nextcloud-22.2.0.tar.bz2\nsudo cp -r nextcloud /var/www\nsudo rm -r nextcloud\n\n# Apache2 config\nsudo touch /etc/apache2/sites-available/nextcloud.conf\nsudo chmod 777 /etc/apache2/sites-available/nextcloud.conf\nsudo cat \u003c\u003c EOF \u003e /etc/apache2/sites-available/nextcloud.conf\nAlias /nextcloud \"/var/www/nextcloud/\"\n\u003cDirectory /var/www/nextcloud/\u003e\nRequire all granted\nAllowOverride All\nOptions FollowSymLinks MultiViews\n\n\u003cIfModule mod_dav.c\u003e\n    Dav off\n\u003c/IfModule\u003e\n\u003c/Directory\u003e\nEOF\nsudo chmod 644 /etc/apache2/sites-available/nextcloud.conf\n\n# Make config affect\nsudo a2ensite nextcloud.conf\nsudo a2enmod rewrite\nsudo a2enmod headers\nsudo a2enmod env\nsudo a2enmod dir\nsudo a2enmod mime\nsudo service apache2 restart\n\n# S3 config\nsudo touch /var/www/nextcloud/config/storage.config.php\nsudo chmod 777 /var/www/nextcloud/config/storage.config.php\ncat \u003c\u003c- EOF \u003e /var/www/nextcloud/config/storage.config.php\n\u003c?php\n\\$CONFIG = array (\n    'objectstore' =\u003e [\n            'class' =\u003e '\\\\\\\\OC\\\\\\\\Files\\\\\\\\ObjectStore\\\\\\\\S3',\n            'arguments' =\u003e [\n                    'bucket' =\u003e 'nextcloud-puttipat-demotermproj-bucket',\n                    'autocreate' =\u003e false,\n                    'region' =\u003e 'us-west-1',\n                    'key'    =\u003e 'AKIAV4P5THJUJWSLFQD3',\n                    'secret' =\u003e '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',\n                    'use_ssl' =\u003e true\n            ],\n    ],\n);\nEOF\n\n# Cml for install wizard and whitelist domain\nsudo chown -R www-data:www-data /var/www/nextcloud/ \ncd /var/www/nextcloud/\n\nsudo -u www-data php occ maintenance:install \\\n--database \"mysql\" --database-name \"nextcloud\" \\\n--database-user \"username\" --database-pass \"password\" \\\n--database-host \"10.0.3.235\" \\\n--admin-user \"admin\" --admin-pass \"admin\"\n\nsudo -u www-data php occ config:system:set trusted_domains 1 \\\n--value=\"52.8.205.172\"\n\ncd ~\n\n\n\n",
                "content_type": "text/x-shellscript",
                "filename": "",
                "merge_type": ""
              }
            ],
            "rendered": "Content-Type: multipart/mixed; boundary=\"MIMEBOUNDARY\"\nMIME-Version: 1.0\r\n\r\n--MIMEBOUNDARY\r\nContent-Transfer-Encoding: 7bit\r\nContent-Type: text/x-shellscript\r\nMime-Version: 1.0\r\n\r\n#!/bin/bash\ncd ~\n# Install deps\nsudo apt update\nsudo apt install apache2 libapache2-mod-php7.4 -y\nsudo apt install php7.4-gd php7.4-mysql php7.4-curl php7.4-mbstring php7.4-intl -y\nsudo apt install php7.4-gmp php7.4-bcmath php-imagick php7.4-xml php7.4-zip -y\n\n# Download nextcloud\nwget https://download.nextcloud.com/server/releases/nextcloud-22.2.0.tar.bz2\ntar -xjvf nextcloud-22.2.0.tar.bz2\nsudo cp -r nextcloud /var/www\nsudo rm -r nextcloud\n\n# Apache2 config\nsudo touch /etc/apache2/sites-available/nextcloud.conf\nsudo chmod 777 /etc/apache2/sites-available/nextcloud.conf\nsudo cat \u003c\u003c EOF \u003e /etc/apache2/sites-available/nextcloud.conf\nAlias /nextcloud \"/var/www/nextcloud/\"\n\u003cDirectory /var/www/nextcloud/\u003e\nRequire all granted\nAllowOverride All\nOptions FollowSymLinks MultiViews\n\n\u003cIfModule mod_dav.c\u003e\n    Dav off\n\u003c/IfModule\u003e\n\u003c/Directory\u003e\nEOF\nsudo chmod 644 /etc/apache2/sites-available/nextcloud.conf\n\n# Make config affect\nsudo a2ensite nextcloud.conf\nsudo a2enmod rewrite\nsudo a2enmod headers\nsudo a2enmod env\nsudo a2enmod dir\nsudo a2enmod mime\nsudo service apache2 restart\n\n# S3 config\nsudo touch /var/www/nextcloud/config/storage.config.php\nsudo chmod 777 /var/www/nextcloud/config/storage.config.php\ncat \u003c\u003c- EOF \u003e /var/www/nextcloud/config/storage.config.php\n\u003c?php\n\\$CONFIG = array (\n    'objectstore' =\u003e [\n            'class' =\u003e '\\\\\\\\OC\\\\\\\\Files\\\\\\\\ObjectStore\\\\\\\\S3',\n            'arguments' =\u003e [\n                    'bucket' =\u003e 'nextcloud-puttipat-demotermproj-bucket',\n                    'autocreate' =\u003e false,\n                    'region' =\u003e 'us-west-1',\n                    'key'    =\u003e 'AKIAV4P5THJUJWSLFQD3',\n                    'secret' =\u003e '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',\n                    'use_ssl' =\u003e true\n            ],\n    ],\n);\nEOF\n\n# Cml for install wizard and whitelist domain\nsudo chown -R www-data:www-data /var/www/nextcloud/ \ncd /var/www/nextcloud/\n\nsudo -u www-data php occ maintenance:install \\\n--database \"mysql\" --database-name \"nextcloud\" \\\n--database-user \"username\" --database-pass \"password\" \\\n--database-host \"10.0.3.235\" \\\n--admin-user \"admin\" --admin-pass \"admin\"\n\nsudo -u www-data php occ config:system:set trusted_domains 1 \\\n--value=\"52.8.205.172\"\n\ncd ~\n\n\n\n\r\n--MIMEBOUNDARY--\r\n"
          },
          "sensitive_attributes": [
            [
              {
                "type": "get_attr",
                "value": "part"
              },
              {
                "type": "index",
                "value": {
                  "value": 0,
                  "type": "number"
                }
              },
              {
                "type": "get_attr",
                "value": "content"
              }
            ]
          ]
        }
      ]
    },
    {
      "mode": "data",
      "type": "cloudinit_config",
      "name": "database-script",
      "provider": "provider[\"registry.terraform.io/hashicorp/cloudinit\"]",
      "instances": [
        {
          "schema_version": 0,
          "attributes": {
            "base64_encode": false,
            "boundary": "MIMEBOUNDARY",
            "gzip": false,
            "id": "3396507766",
            "part": [
              {
                "content": "#!/bin/bash\n# Install MariaDB\ncd ~\nsudo apt update\nsudo apt install mariadb-server -y\nsudo /etc/init.d/mysql start\n\n# Create user with remote connection\nsudo mysql \u003c\u003c EOF\nCREATE USER 'username'@'localhost' IDENTIFIED BY 'password';\nCREATE DATABASE IF NOT EXISTS nextcloud CHARACTER SET utf8mb4 COLLATE utf8mb4_general_ci;\nGRANT ALL PRIVILEGES ON nextcloud.* TO 'username'@'localhost';\nFLUSH PRIVILEGES;\nCREATE USER 'username'@'10.0.%.%' IDENTIFIED BY 'password';\nGRANT ALL PRIVILEGES ON nextcloud.* TO 'username'@'10.0.%.%';\nFLUSH PRIVILEGES;\nquit;\nEOF\n\n# Config allow remote connection\nsudo touch /etc/mysql/my.cnf\nsudo chmod 777 /etc/mysql/my.cnf\ncat \u003c\u003c- EOF \u003e /etc/mysql/my.cnf\n[mysqld]\nskip-networking=0\nskip-bind-address\nEOF\nsudo chmod 644 /etc/mysql/my.cnf\nsudo systemctl restart mariadb\n\n",
                "content_type": "text/x-shellscript",
                "filename": "",
                "merge_type": ""
              }
            ],
            "rendered": "Content-Type: multipart/mixed; boundary=\"MIMEBOUNDARY\"\nMIME-Version: 1.0\r\n\r\n--MIMEBOUNDARY\r\nContent-Transfer-Encoding: 7bit\r\nContent-Type: text/x-shellscript\r\nMime-Version: 1.0\r\n\r\n#!/bin/bash\n# Install MariaDB\ncd ~\nsudo apt update\nsudo apt install mariadb-server -y\nsudo /etc/init.d/mysql start\n\n# Create user with remote connection\nsudo mysql \u003c\u003c EOF\nCREATE USER 'username'@'localhost' IDENTIFIED BY 'password';\nCREATE DATABASE IF NOT EXISTS nextcloud CHARACTER SET utf8mb4 COLLATE utf8mb4_general_ci;\nGRANT ALL PRIVILEGES ON nextcloud.* TO 'username'@'localhost';\nFLUSH PRIVILEGES;\nCREATE USER 'username'@'10.0.%.%' IDENTIFIED BY 'password';\nGRANT ALL PRIVILEGES ON nextcloud.* TO 'username'@'10.0.%.%';\nFLUSH PRIVILEGES;\nquit;\nEOF\n\n# Config allow remote connection\nsudo touch /etc/mysql/my.cnf\nsudo chmod 777 /etc/mysql/my.cnf\ncat \u003c\u003c- EOF \u003e /etc/mysql/my.cnf\n[mysqld]\nskip-networking=0\nskip-bind-address\nEOF\nsudo chmod 644 /etc/mysql/my.cnf\nsudo systemctl restart mariadb\n\n\r\n--MIMEBOUNDARY--\r\n"
          },
          "sensitive_attributes": []
        }
      ]
    },
    {
      "mode": "managed",
      "type": "aws_eip",
      "name": "app-eip",
      "provider": "provider[\"registry.terraform.io/hashicorp/aws\"]",
      "instances": [
        {
          "schema_version": 0,
          "attributes": {
            "address": null,
            "allocation_id": "eipalloc-0a7fcc7b0ef87e769",
            "associate_with_private_ip": null,
            "association_id": "eipassoc-0eb9c00a1ae51fac8",
            "carrier_ip": "",
            "customer_owned_ip": "",
            "customer_owned_ipv4_pool": "",
            "domain": "vpc",
            "id": "eipalloc-0a7fcc7b0ef87e769",
            "instance": "",
            "network_border_group": "us-west-1",
            "network_interface": "eni-0ebfd2411808bd069",
            "private_dns": "ip-10-0-1-26.us-west-1.compute.internal",
            "private_ip": "10.0.1.26",
            "public_dns": "ec2-52-8-205-172.us-west-1.compute.amazonaws.com",
            "public_ip": "52.8.205.172",
            "public_ipv4_pool": "amazon",
            "tags": null,
            "tags_all": {},
            "timeouts": null,
            "vpc": true
          },
          "sensitive_attributes": [],
          "private": "eyJlMmJmYjczMC1lY2FhLTExZTYtOGY4OC0zNDM2M2JjN2M0YzAiOnsiZGVsZXRlIjoxODAwMDAwMDAwMDAsInJlYWQiOjkwMDAwMDAwMDAwMCwidXBkYXRlIjozMDAwMDAwMDAwMDB9fQ==",
          "dependencies": [
            "aws_internet_gateway.nextcloud-gw",
            "aws_network_interface.app-nic",
            "aws_security_group.allow_web",
            "aws_subnet.app-internet-subnet",
            "aws_vpc.nextcloud"
          ]
        }
      ]
    },
    {
      "mode": "managed",
      "type": "aws_eip",
      "name": "natgw-eip",
      "provider": "provider[\"registry.terraform.io/hashicorp/aws\"]",
      "instances": [
        {
          "schema_version": 0,
          "attributes": {
            "address": null,
            "allocation_id": "eipalloc-00eb1d8ceee4eeef0",
            "associate_with_private_ip": null,
            "association_id": "",
            "carrier_ip": "",
            "customer_owned_ip": "",
            "customer_owned_ipv4_pool": "",
            "domain": "vpc",
            "id": "eipalloc-00eb1d8ceee4eeef0",
            "instance": "",
            "network_border_group": "us-west-1",
            "network_interface": "",
            "private_dns": null,
            "private_ip": "",
            "public_dns": "ec2-54-193-211-77.us-west-1.compute.amazonaws.com",
            "public_ip": "54.193.211.77",
            "public_ipv4_pool": "amazon",
            "tags": null,
            "tags_all": {},
            "timeouts": null,
            "vpc": true
          },
          "sensitive_attributes": [],
          "private": "eyJlMmJmYjczMC1lY2FhLTExZTYtOGY4OC0zNDM2M2JjN2M0YzAiOnsiZGVsZXRlIjoxODAwMDAwMDAwMDAsInJlYWQiOjkwMDAwMDAwMDAwMCwidXBkYXRlIjozMDAwMDAwMDAwMDB9fQ=="
        }
      ]
    },
    {
      "mode": "managed",
      "type": "aws_iam_access_key",
      "name": "nextcloud-ak",
      "provider": "provider[\"registry.terraform.io/hashicorp/aws\"]",
      "instances": [
        {
          "schema_version": 0,
          "attributes": {
            "create_date": "2021-11-22T02:24:14Z",
            "encrypted_secret": null,
            "encrypted_ses_smtp_password_v4": null,
            "id": "AKIAV4P5THJUJWSLFQD3",
            "key_fingerprint": null,
            "pgp_key": null,
            "secret": "na3LPi33njchZeY668iqeLlcBgnHtEVMprQ9ZdSx",
            "ses_smtp_password_v4": "BFnURoaYpKjkg9amrbN4IIcDRrc5wEiVSpCmHP7wOKl5",
            "status": "Active",
            "user": "nextcloud-s3-iam"
          },
          "sensitive_attributes": [],
          "private": "bnVsbA==",
          "dependencies": [
            "aws_iam_user.nextcloud-iam"
          ]
        }
      ]
    },
    {
      "mode": "managed",
      "type": "aws_iam_policy",
      "name": "nextcloud-s3-policy",
      "provider": "provider[\"registry.terraform.io/hashicorp/aws\"]",
      "instances": [
        {
          "schema_version": 0,
          "attributes": {
            "arn": "arn:aws:iam::404795636328:policy/nextcloud-s3-policy",
            "description": "",
            "id": "arn:aws:iam::404795636328:policy/nextcloud-s3-policy",
            "name": "nextcloud-s3-policy",
            "name_prefix": null,
            "path": "/",
            "policy": "{\n  \"Version\": \"2012-10-17\",\n  \"Statement\": [\n    {\n      \"Sid\": \"\",\n      \"Effect\": \"Allow\",\n      \"Action\": [\n        \"s3:*\",\n        \"s3-object-lambda:*\"\n      ],\n      \"Resource\": [\n        \"arn:aws:s3:::nextcloud-puttipat-demotermproj-bucket/*\",\n        \"arn:aws:s3:::nextcloud-puttipat-demotermproj-bucket\"\n      ]\n    }\n  ]\n}",
            "policy_id": "ANPAV4P5THJUPYSCBF7FN",
            "tags": null,
            "tags_all": {}
          },
          "sensitive_attributes": [],
          "private": "bnVsbA==",
          "dependencies": [
            "aws_s3_bucket.nextcloud-s3",
            "data.aws_iam_policy_document.nextcloud-s3-policy-doc"
          ]
        }
      ]
    },
    {
      "mode": "managed",
      "type": "aws_iam_user",
      "name": "nextcloud-iam",
      "provider": "provider[\"registry.terraform.io/hashicorp/aws\"]",
      "instances": [
        {
          "schema_version": 0,
          "attributes": {
            "arn": "arn:aws:iam::404795636328:user/nextcloud-s3-iam",
            "force_destroy": false,
            "id": "nextcloud-s3-iam",
            "name": "nextcloud-s3-iam",
            "path": "/",
            "permissions_boundary": null,
            "tags": {
              "Name": "nextcloud-iam"
            },
            "tags_all": {
              "Name": "nextcloud-iam"
            },
            "unique_id": "AIDAV4P5THJUCNNUN6QLY"
          },
          "sensitive_attributes": [],
          "private": "bnVsbA=="
        }
      ]
    },
    {
      "mode": "managed",
      "type": "aws_iam_user_policy_attachment",
      "name": "test-attach",
      "provider": "provider[\"registry.terraform.io/hashicorp/aws\"]",
      "instances": [
        {
          "schema_version": 0,
          "attributes": {
            "id": "nextcloud-s3-iam-20211122022431856300000001",
            "policy_arn": "arn:aws:iam::404795636328:policy/nextcloud-s3-policy",
            "user": "nextcloud-s3-iam"
          },
          "sensitive_attributes": [],
          "private": "bnVsbA==",
          "dependencies": [
            "aws_iam_policy.nextcloud-s3-policy",
            "aws_iam_user.nextcloud-iam",
            "aws_s3_bucket.nextcloud-s3",
            "data.aws_iam_policy_document.nextcloud-s3-policy-doc"
          ]
        }
      ]
    },
    {
      "mode": "managed",
      "type": "aws_instance",
      "name": "app",
      "provider": "provider[\"registry.terraform.io/hashicorp/aws\"]",
      "instances": [
        {
          "schema_version": 1,
          "attributes": {
            "ami": "ami-053ac55bdcfe96e85",
            "arn": "arn:aws:ec2:us-west-1:404795636328:instance/i-0ca3ef9d75312cd49",
            "associate_public_ip_address": true,
            "availability_zone": "us-west-1b",
            "capacity_reservation_specification": [
              {
                "capacity_reservation_preference": "open",
                "capacity_reservation_target": []
              }
            ],
            "cpu_core_count": 1,
            "cpu_threads_per_core": 1,
            "credit_specification": [
              {
                "cpu_credits": "standard"
              }
            ],
            "disable_api_termination": false,
            "ebs_block_device": [],
            "ebs_optimized": false,
            "enclave_options": [
              {
                "enabled": false
              }
            ],
            "ephemeral_block_device": [],
            "get_password_data": false,
            "hibernation": false,
            "host_id": null,
            "iam_instance_profile": "",
            "id": "i-0ca3ef9d75312cd49",
            "instance_initiated_shutdown_behavior": "stop",
            "instance_state": "running",
            "instance_type": "t2.micro",
            "ipv6_address_count": 0,
            "ipv6_addresses": [],
            "key_name": "",
            "launch_template": [],
            "metadata_options": [
              {
                "http_endpoint": "enabled",
                "http_put_response_hop_limit": 1,
                "http_tokens": "optional"
              }
            ],
            "monitoring": false,
            "network_interface": [
              {
                "delete_on_termination": false,
                "device_index": 0,
                "network_interface_id": "eni-0ebfd2411808bd069"
              },
              {
                "delete_on_termination": false,
                "device_index": 1,
                "network_interface_id": "eni-02c70ced2a827c65f"
              }
            ],
            "outpost_arn": "",
            "password_data": "",
            "placement_group": "",
            "placement_partition_number": null,
            "primary_network_interface_id": "eni-0ebfd2411808bd069",
            "private_dns": "ip-10-0-1-26.us-west-1.compute.internal",
            "private_ip": "10.0.1.26",
            "public_dns": "",
            "public_ip": "52.8.205.172",
            "root_block_device": [
              {
                "delete_on_termination": true,
                "device_name": "/dev/sda1",
                "encrypted": false,
                "iops": 100,
                "kms_key_id": "",
                "tags": {},
                "throughput": 0,
                "volume_id": "vol-06ddec7505f0cfe2e",
                "volume_size": 8,
                "volume_type": "gp2"
              }
            ],
            "secondary_private_ips": [],
            "security_groups": [],
            "source_dest_check": true,
            "subnet_id": "subnet-045bfc57276cfadff",
            "tags": {
              "Name": "app"
            },
            "tags_all": {
              "Name": "app"
            },
            "tenancy": "default",
            "timeouts": null,
            "user_data": "cef9c75cbefcfed0e89b7493ba4f4385e7bd83b6",
            "user_data_base64": null,
            "volume_tags": null,
            "vpc_security_group_ids": [
              "sg-051359309968bb7d8"
            ]
          },
          "sensitive_attributes": [],
          "private": "eyJlMmJmYjczMC1lY2FhLTExZTYtOGY4OC0zNDM2M2JjN2M0YzAiOnsiY3JlYXRlIjo2MDAwMDAwMDAwMDAsImRlbGV0ZSI6MTIwMDAwMDAwMDAwMCwidXBkYXRlIjo2MDAwMDAwMDAwMDB9LCJzY2hlbWFfdmVyc2lvbiI6IjEifQ==",
          "dependencies": [
            "aws_eip.app-eip",
            "aws_iam_access_key.nextcloud-ak",
            "aws_iam_user.nextcloud-iam",
            "aws_internet_gateway.nextcloud-gw",
            "aws_network_interface.app-nic",
            "aws_network_interface.app2database-nic",
            "aws_network_interface.database2app-nic",
            "aws_s3_bucket.nextcloud-s3",
            "aws_security_group.allow_all",
            "aws_security_group.allow_database",
            "aws_security_group.allow_web",
            "aws_subnet.app-database-subnet",
            "aws_subnet.app-internet-subnet",
            "aws_vpc.nextcloud",
            "data.cloudinit_config.app-script"
          ]
        }
      ]
    },
    {
      "mode": "managed",
      "type": "aws_instance",
      "name": "database",
      "provider": "provider[\"registry.terraform.io/hashicorp/aws\"]",
      "instances": [
        {
          "schema_version": 1,
          "attributes": {
            "ami": "ami-053ac55bdcfe96e85",
            "arn": "arn:aws:ec2:us-west-1:404795636328:instance/i-016714e4ff27becc0",
            "associate_public_ip_address": false,
            "availability_zone": "us-west-1b",
            "capacity_reservation_specification": [
              {
                "capacity_reservation_preference": "open",
                "capacity_reservation_target": []
              }
            ],
            "cpu_core_count": 1,
            "cpu_threads_per_core": 1,
            "credit_specification": [
              {
                "cpu_credits": "standard"
              }
            ],
            "disable_api_termination": false,
            "ebs_block_device": [],
            "ebs_optimized": false,
            "enclave_options": [
              {
                "enabled": false
              }
            ],
            "ephemeral_block_device": [],
            "get_password_data": false,
            "hibernation": false,
            "host_id": null,
            "iam_instance_profile": "",
            "id": "i-016714e4ff27becc0",
            "instance_initiated_shutdown_behavior": "stop",
            "instance_state": "running",
            "instance_type": "t2.micro",
            "ipv6_address_count": 0,
            "ipv6_addresses": [],
            "key_name": "",
            "launch_template": [],
            "metadata_options": [
              {
                "http_endpoint": "enabled",
                "http_put_response_hop_limit": 1,
                "http_tokens": "optional"
              }
            ],
            "monitoring": false,
            "network_interface": [
              {
                "delete_on_termination": false,
                "device_index": 0,
                "network_interface_id": "eni-0c41c6c14e9fcd215"
              },
              {
                "delete_on_termination": false,
                "device_index": 1,
                "network_interface_id": "eni-08e3dddfaed40763d"
              }
            ],
            "outpost_arn": "",
            "password_data": "",
            "placement_group": "",
            "placement_partition_number": null,
            "primary_network_interface_id": "eni-0c41c6c14e9fcd215",
            "private_dns": "ip-10-0-2-99.us-west-1.compute.internal",
            "private_ip": "10.0.2.99",
            "public_dns": "",
            "public_ip": "",
            "root_block_device": [
              {
                "delete_on_termination": true,
                "device_name": "/dev/sda1",
                "encrypted": false,
                "iops": 100,
                "kms_key_id": "",
                "tags": {},
                "throughput": 0,
                "volume_id": "vol-06b5cf9b9dd7a3e00",
                "volume_size": 8,
                "volume_type": "gp2"
              }
            ],
            "secondary_private_ips": [],
            "security_groups": [],
            "source_dest_check": true,
            "subnet_id": "subnet-0a1a46a72025d90a6",
            "tags": {
              "Name": "database"
            },
            "tags_all": {
              "Name": "database"
            },
            "tenancy": "default",
            "timeouts": null,
            "user_data": "27111550b3c076184e0eee64cb89fc19fa03d9a3",
            "user_data_base64": null,
            "volume_tags": null,
            "vpc_security_group_ids": [
              "sg-008f830aac34c5da4"
            ]
          },
          "sensitive_attributes": [],
          "private": "eyJlMmJmYjczMC1lY2FhLTExZTYtOGY4OC0zNDM2M2JjN2M0YzAiOnsiY3JlYXRlIjo2MDAwMDAwMDAwMDAsImRlbGV0ZSI6MTIwMDAwMDAwMDAwMCwidXBkYXRlIjo2MDAwMDAwMDAwMDB9LCJzY2hlbWFfdmVyc2lvbiI6IjEifQ==",
          "dependencies": [
            "aws_network_interface.database-nic",
            "aws_network_interface.database2app-nic",
            "aws_security_group.allow_database",
            "aws_subnet.app-database-subnet",
            "aws_subnet.database-internet-subnet",
            "aws_vpc.nextcloud",
            "data.cloudinit_config.database-script"
          ]
        }
      ]
    },
    {
      "mode": "managed",
      "type": "aws_internet_gateway",
      "name": "nextcloud-gw",
      "provider": "provider[\"registry.terraform.io/hashicorp/aws\"]",
      "instances": [
        {
          "schema_version": 0,
          "attributes": {
            "arn": "arn:aws:ec2:us-west-1:404795636328:internet-gateway/igw-0858c526531252eb3",
            "id": "igw-0858c526531252eb3",
            "owner_id": "404795636328",
            "tags": {
              "Name": "nextcloud-gw"
            },
            "tags_all": {
              "Name": "nextcloud-gw"
            },
            "vpc_id": "vpc-0ec65a926edac6422"
          },
          "sensitive_attributes": [],
          "private": "bnVsbA==",
          "dependencies": [
            "aws_vpc.nextcloud"
          ]
        }
      ]
    },
    {
      "mode": "managed",
      "type": "aws_nat_gateway",
      "name": "database-internet-natgw",
      "provider": "provider[\"registry.terraform.io/hashicorp/aws\"]",
      "instances": [
        {
          "schema_version": 0,
          "attributes": {
            "allocation_id": "eipalloc-00eb1d8ceee4eeef0",
            "connectivity_type": "public",
            "id": "nat-06f0a60562def1fc7",
            "network_interface_id": "eni-0a06effd0dc606ce7",
            "private_ip": "10.0.1.170",
            "public_ip": "54.193.211.77",
            "subnet_id": "subnet-045bfc57276cfadff",
            "tags": {
              "Name": "database-internet-natgw"
            },
            "tags_all": {
              "Name": "database-internet-natgw"
            }
          },
          "sensitive_attributes": [],
          "private": "bnVsbA==",
          "dependencies": [
            "aws_eip.natgw-eip",
            "aws_internet_gateway.nextcloud-gw",
            "aws_subnet.app-internet-subnet",
            "aws_vpc.nextcloud"
          ]
        }
      ]
    },
    {
      "mode": "managed",
      "type": "aws_network_interface",
      "name": "app-nic",
      "provider": "provider[\"registry.terraform.io/hashicorp/aws\"]",
      "instances": [
        {
          "schema_version": 0,
          "attributes": {
            "arn": "arn:aws:ec2:us-west-1:404795636328:network-interface/eni-0ebfd2411808bd069",
            "attachment": [],
            "description": "",
            "id": "eni-0ebfd2411808bd069",
            "interface_type": "interface",
            "ipv4_prefix_count": 0,
            "ipv4_prefixes": [],
            "ipv6_address_count": 0,
            "ipv6_addresses": [],
            "ipv6_prefix_count": 0,
            "ipv6_prefixes": [],
            "mac_address": "06:89:9f:6c:de:df",
            "outpost_arn": "",
            "owner_id": "404795636328",
            "private_dns_name": "",
            "private_ip": "10.0.1.26",
            "private_ips": [
              "10.0.1.26"
            ],
            "private_ips_count": 0,
            "security_groups": [
              "sg-051359309968bb7d8"
            ],
            "source_dest_check": true,
            "subnet_id": "subnet-045bfc57276cfadff",
            "tags": null,
            "tags_all": {}
          },
          "sensitive_attributes": [],
          "private": "bnVsbA==",
          "dependencies": [
            "aws_security_group.allow_web",
            "aws_subnet.app-internet-subnet",
            "aws_vpc.nextcloud"
          ]
        }
      ]
    },
    {
      "mode": "managed",
      "type": "aws_network_interface",
      "name": "app2database-nic",
      "provider": "provider[\"registry.terraform.io/hashicorp/aws\"]",
      "instances": [
        {
          "schema_version": 0,
          "attributes": {
            "arn": "arn:aws:ec2:us-west-1:404795636328:network-interface/eni-02c70ced2a827c65f",
            "attachment": [],
            "description": "",
            "id": "eni-02c70ced2a827c65f",
            "interface_type": "interface",
            "ipv4_prefix_count": 0,
            "ipv4_prefixes": [],
            "ipv6_address_count": 0,
            "ipv6_addresses": [],
            "ipv6_prefix_count": 0,
            "ipv6_prefixes": [],
            "mac_address": "06:b9:b1:80:6c:73",
            "outpost_arn": "",
            "owner_id": "404795636328",
            "private_dns_name": "",
            "private_ip": "10.0.3.139",
            "private_ips": [
              "10.0.3.139"
            ],
            "private_ips_count": 0,
            "security_groups": [
              "sg-093bb0b84dd8d9762"
            ],
            "source_dest_check": true,
            "subnet_id": "subnet-066f0fcee683d0631",
            "tags": null,
            "tags_all": {}
          },
          "sensitive_attributes": [],
          "private": "bnVsbA==",
          "dependencies": [
            "aws_security_group.allow_all",
            "aws_subnet.app-database-subnet",
            "aws_vpc.nextcloud"
          ]
        }
      ]
    },
    {
      "mode": "managed",
      "type": "aws_network_interface",
      "name": "database-nic",
      "provider": "provider[\"registry.terraform.io/hashicorp/aws\"]",
      "instances": [
        {
          "schema_version": 0,
          "attributes": {
            "arn": "arn:aws:ec2:us-west-1:404795636328:network-interface/eni-0c41c6c14e9fcd215",
            "attachment": [],
            "description": "",
            "id": "eni-0c41c6c14e9fcd215",
            "interface_type": "interface",
            "ipv4_prefix_count": 0,
            "ipv4_prefixes": [],
            "ipv6_address_count": 0,
            "ipv6_addresses": [],
            "ipv6_prefix_count": 0,
            "ipv6_prefixes": [],
            "mac_address": "06:e5:b5:c9:44:2f",
            "outpost_arn": "",
            "owner_id": "404795636328",
            "private_dns_name": "",
            "private_ip": "10.0.2.99",
            "private_ips": [
              "10.0.2.99"
            ],
            "private_ips_count": 0,
            "security_groups": [
              "sg-008f830aac34c5da4"
            ],
            "source_dest_check": true,
            "subnet_id": "subnet-0a1a46a72025d90a6",
            "tags": null,
            "tags_all": {}
          },
          "sensitive_attributes": [],
          "private": "bnVsbA==",
          "dependencies": [
            "aws_security_group.allow_database",
            "aws_subnet.app-database-subnet",
            "aws_subnet.database-internet-subnet",
            "aws_vpc.nextcloud"
          ]
        }
      ]
    },
    {
      "mode": "managed",
      "type": "aws_network_interface",
      "name": "database2app-nic",
      "provider": "provider[\"registry.terraform.io/hashicorp/aws\"]",
      "instances": [
        {
          "schema_version": 0,
          "attributes": {
            "arn": "arn:aws:ec2:us-west-1:404795636328:network-interface/eni-08e3dddfaed40763d",
            "attachment": [],
            "description": "",
            "id": "eni-08e3dddfaed40763d",
            "interface_type": "interface",
            "ipv4_prefix_count": 0,
            "ipv4_prefixes": [],
            "ipv6_address_count": 0,
            "ipv6_addresses": [],
            "ipv6_prefix_count": 0,
            "ipv6_prefixes": [],
            "mac_address": "06:81:83:42:33:27",
            "outpost_arn": "",
            "owner_id": "404795636328",
            "private_dns_name": "",
            "private_ip": "10.0.3.235",
            "private_ips": [
              "10.0.3.235"
            ],
            "private_ips_count": 0,
            "security_groups": [
              "sg-008f830aac34c5da4"
            ],
            "source_dest_check": true,
            "subnet_id": "subnet-066f0fcee683d0631",
            "tags": null,
            "tags_all": {}
          },
          "sensitive_attributes": [],
          "private": "bnVsbA==",
          "dependencies": [
            "aws_security_group.allow_database",
            "aws_subnet.app-database-subnet",
            "aws_vpc.nextcloud"
          ]
        }
      ]
    },
    {
      "mode": "managed",
      "type": "aws_route_table",
      "name": "app-database-rt",
      "provider": "provider[\"registry.terraform.io/hashicorp/aws\"]",
      "instances": [
        {
          "schema_version": 0,
          "attributes": {
            "arn": "arn:aws:ec2:us-west-1:404795636328:route-table/rtb-0a42419320771f32b",
            "id": "rtb-0a42419320771f32b",
            "owner_id": "404795636328",
            "propagating_vgws": [],
            "route": [],
            "tags": {
              "Name": "app-database-rt"
            },
            "tags_all": {
              "Name": "app-database-rt"
            },
            "timeouts": null,
            "vpc_id": "vpc-0ec65a926edac6422"
          },
          "sensitive_attributes": [],
          "private": "eyJlMmJmYjczMC1lY2FhLTExZTYtOGY4OC0zNDM2M2JjN2M0YzAiOnsiY3JlYXRlIjoxMjAwMDAwMDAwMDAsImRlbGV0ZSI6MzAwMDAwMDAwMDAwLCJ1cGRhdGUiOjEyMDAwMDAwMDAwMH19",
          "dependencies": [
            "aws_vpc.nextcloud"
          ]
        }
      ]
    },
    {
      "mode": "managed",
      "type": "aws_route_table",
      "name": "app-internet-rt",
      "provider": "provider[\"registry.terraform.io/hashicorp/aws\"]",
      "instances": [
        {
          "schema_version": 0,
          "attributes": {
            "arn": "arn:aws:ec2:us-west-1:404795636328:route-table/rtb-036e0cb30fbf288cf",
            "id": "rtb-036e0cb30fbf288cf",
            "owner_id": "404795636328",
            "propagating_vgws": [],
            "route": [
              {
                "carrier_gateway_id": "",
                "cidr_block": "0.0.0.0/0",
                "destination_prefix_list_id": "",
                "egress_only_gateway_id": "",
                "gateway_id": "igw-0858c526531252eb3",
                "instance_id": "",
                "ipv6_cidr_block": "",
                "local_gateway_id": "",
                "nat_gateway_id": "",
                "network_interface_id": "",
                "transit_gateway_id": "",
                "vpc_endpoint_id": "",
                "vpc_peering_connection_id": ""
              }
            ],
            "tags": {
              "Name": "app-internet-rt"
            },
            "tags_all": {
              "Name": "app-internet-rt"
            },
            "timeouts": null,
            "vpc_id": "vpc-0ec65a926edac6422"
          },
          "sensitive_attributes": [],
          "private": "eyJlMmJmYjczMC1lY2FhLTExZTYtOGY4OC0zNDM2M2JjN2M0YzAiOnsiY3JlYXRlIjoxMjAwMDAwMDAwMDAsImRlbGV0ZSI6MzAwMDAwMDAwMDAwLCJ1cGRhdGUiOjEyMDAwMDAwMDAwMH19",
          "dependencies": [
            "aws_internet_gateway.nextcloud-gw",
            "aws_vpc.nextcloud"
          ]
        }
      ]
    },
    {
      "mode": "managed",
      "type": "aws_route_table",
      "name": "database-internet-rt",
      "provider": "provider[\"registry.terraform.io/hashicorp/aws\"]",
      "instances": [
        {
          "schema_version": 0,
          "attributes": {
            "arn": "arn:aws:ec2:us-west-1:404795636328:route-table/rtb-01e37bdf0978f0fdf",
            "id": "rtb-01e37bdf0978f0fdf",
            "owner_id": "404795636328",
            "propagating_vgws": [],
            "route": [
              {
                "carrier_gateway_id": "",
                "cidr_block": "0.0.0.0/0",
                "destination_prefix_list_id": "",
                "egress_only_gateway_id": "",
                "gateway_id": "",
                "instance_id": "",
                "ipv6_cidr_block": "",
                "local_gateway_id": "",
                "nat_gateway_id": "nat-06f0a60562def1fc7",
                "network_interface_id": "",
                "transit_gateway_id": "",
                "vpc_endpoint_id": "",
                "vpc_peering_connection_id": ""
              }
            ],
            "tags": {
              "Name": "app-internet-rt"
            },
            "tags_all": {
              "Name": "app-internet-rt"
            },
            "timeouts": null,
            "vpc_id": "vpc-0ec65a926edac6422"
          },
          "sensitive_attributes": [],
          "private": "eyJlMmJmYjczMC1lY2FhLTExZTYtOGY4OC0zNDM2M2JjN2M0YzAiOnsiY3JlYXRlIjoxMjAwMDAwMDAwMDAsImRlbGV0ZSI6MzAwMDAwMDAwMDAwLCJ1cGRhdGUiOjEyMDAwMDAwMDAwMH19",
          "dependencies": [
            "aws_eip.natgw-eip",
            "aws_internet_gateway.nextcloud-gw",
            "aws_nat_gateway.database-internet-natgw",
            "aws_subnet.app-internet-subnet",
            "aws_vpc.nextcloud"
          ]
        }
      ]
    },
    {
      "mode": "managed",
      "type": "aws_route_table_association",
      "name": "app-database-a",
      "provider": "provider[\"registry.terraform.io/hashicorp/aws\"]",
      "instances": [
        {
          "schema_version": 0,
          "attributes": {
            "gateway_id": "",
            "id": "rtbassoc-08ca19f52efa31086",
            "route_table_id": "rtb-0a42419320771f32b",
            "subnet_id": "subnet-066f0fcee683d0631"
          },
          "sensitive_attributes": [],
          "private": "bnVsbA==",
          "dependencies": [
            "aws_route_table.app-database-rt",
            "aws_subnet.app-database-subnet",
            "aws_vpc.nextcloud"
          ]
        }
      ]
    },
    {
      "mode": "managed",
      "type": "aws_route_table_association",
      "name": "app-internet-a",
      "provider": "provider[\"registry.terraform.io/hashicorp/aws\"]",
      "instances": [
        {
          "schema_version": 0,
          "attributes": {
            "gateway_id": "",
            "id": "rtbassoc-0b0407fbfa9480483",
            "route_table_id": "rtb-036e0cb30fbf288cf",
            "subnet_id": "subnet-045bfc57276cfadff"
          },
          "sensitive_attributes": [],
          "private": "bnVsbA==",
          "dependencies": [
            "aws_internet_gateway.nextcloud-gw",
            "aws_route_table.app-internet-rt",
            "aws_subnet.app-internet-subnet",
            "aws_vpc.nextcloud"
          ]
        }
      ]
    },
    {
      "mode": "managed",
      "type": "aws_route_table_association",
      "name": "database-internet-a",
      "provider": "provider[\"registry.terraform.io/hashicorp/aws\"]",
      "instances": [
        {
          "schema_version": 0,
          "attributes": {
            "gateway_id": "",
            "id": "rtbassoc-0aee7efe806fe4514",
            "route_table_id": "rtb-01e37bdf0978f0fdf",
            "subnet_id": "subnet-0a1a46a72025d90a6"
          },
          "sensitive_attributes": [],
          "private": "bnVsbA==",
          "dependencies": [
            "aws_eip.natgw-eip",
            "aws_internet_gateway.nextcloud-gw",
            "aws_nat_gateway.database-internet-natgw",
            "aws_route_table.database-internet-rt",
            "aws_subnet.app-internet-subnet",
            "aws_subnet.database-internet-subnet",
            "aws_vpc.nextcloud"
          ]
        }
      ]
    },
    {
      "mode": "managed",
      "type": "aws_s3_bucket",
      "name": "nextcloud-s3",
      "provider": "provider[\"registry.terraform.io/hashicorp/aws\"]",
      "instances": [
        {
          "schema_version": 0,
          "attributes": {
            "acceleration_status": "",
            "acl": "private",
            "arn": "arn:aws:s3:::nextcloud-puttipat-demotermproj-bucket",
            "bucket": "nextcloud-puttipat-demotermproj-bucket",
            "bucket_domain_name": "nextcloud-puttipat-demotermproj-bucket.s3.amazonaws.com",
            "bucket_prefix": null,
            "bucket_regional_domain_name": "nextcloud-puttipat-demotermproj-bucket.s3.us-west-1.amazonaws.com",
            "cors_rule": [],
            "force_destroy": true,
            "grant": [],
            "hosted_zone_id": "Z2F56UZL2M1ACD",
            "id": "nextcloud-puttipat-demotermproj-bucket",
            "lifecycle_rule": [],
            "logging": [],
            "object_lock_configuration": [],
            "policy": null,
            "region": "us-west-1",
            "replication_configuration": [],
            "request_payer": "BucketOwner",
            "server_side_encryption_configuration": [],
            "tags": {
              "Name": "nextcloud-puttipat-demotermproj-bucket"
            },
            "tags_all": {
              "Name": "nextcloud-puttipat-demotermproj-bucket"
            },
            "versioning": [
              {
                "enabled": false,
                "mfa_delete": false
              }
            ],
            "website": [],
            "website_domain": null,
            "website_endpoint": null
          },
          "sensitive_attributes": [],
          "private": "bnVsbA=="
        }
      ]
    },
    {
      "mode": "managed",
      "type": "aws_s3_bucket_public_access_block",
      "name": "nextcloud-s3-a",
      "provider": "provider[\"registry.terraform.io/hashicorp/aws\"]",
      "instances": [
        {
          "schema_version": 0,
          "attributes": {
            "block_public_acls": true,
            "block_public_policy": true,
            "bucket": "nextcloud-puttipat-demotermproj-bucket",
            "id": "nextcloud-puttipat-demotermproj-bucket",
            "ignore_public_acls": true,
            "restrict_public_buckets": true
          },
          "sensitive_attributes": [],
          "private": "bnVsbA==",
          "dependencies": [
            "aws_s3_bucket.nextcloud-s3"
          ]
        }
      ]
    },
    {
      "mode": "managed",
      "type": "aws_security_group",
      "name": "allow_all",
      "provider": "provider[\"registry.terraform.io/hashicorp/aws\"]",
      "instances": [
        {
          "schema_version": 1,
          "attributes": {
            "arn": "arn:aws:ec2:us-west-1:404795636328:security-group/sg-093bb0b84dd8d9762",
            "description": "Allow all traffic",
            "egress": [
              {
                "cidr_blocks": [
                  "0.0.0.0/0"
                ],
                "description": "",
                "from_port": 0,
                "ipv6_cidr_blocks": [],
                "prefix_list_ids": [],
                "protocol": "-1",
                "security_groups": [],
                "self": false,
                "to_port": 0
              }
            ],
            "id": "sg-093bb0b84dd8d9762",
            "ingress": [
              {
                "cidr_blocks": [],
                "description": "",
                "from_port": 0,
                "ipv6_cidr_blocks": [],
                "prefix_list_ids": [],
                "protocol": "-1",
                "security_groups": [],
                "self": true,
                "to_port": 0
              }
            ],
            "name": "allow_all_traffic",
            "name_prefix": "",
            "owner_id": "404795636328",
            "revoke_rules_on_delete": false,
            "tags": {
              "Name": "allow_all"
            },
            "tags_all": {
              "Name": "allow_all"
            },
            "timeouts": null,
            "vpc_id": "vpc-0ec65a926edac6422"
          },
          "sensitive_attributes": [],
          "private": "eyJlMmJmYjczMC1lY2FhLTExZTYtOGY4OC0zNDM2M2JjN2M0YzAiOnsiY3JlYXRlIjo2MDAwMDAwMDAwMDAsImRlbGV0ZSI6OTAwMDAwMDAwMDAwfSwic2NoZW1hX3ZlcnNpb24iOiIxIn0=",
          "dependencies": [
            "aws_vpc.nextcloud"
          ]
        }
      ]
    },
    {
      "mode": "managed",
      "type": "aws_security_group",
      "name": "allow_database",
      "provider": "provider[\"registry.terraform.io/hashicorp/aws\"]",
      "instances": [
        {
          "schema_version": 1,
          "attributes": {
            "arn": "arn:aws:ec2:us-west-1:404795636328:security-group/sg-008f830aac34c5da4",
            "description": "Allow Database traffic",
            "egress": [
              {
                "cidr_blocks": [
                  "0.0.0.0/0"
                ],
                "description": "",
                "from_port": 0,
                "ipv6_cidr_blocks": [],
                "prefix_list_ids": [],
                "protocol": "-1",
                "security_groups": [],
                "self": false,
                "to_port": 0
              }
            ],
            "id": "sg-008f830aac34c5da4",
            "ingress": [
              {
                "cidr_blocks": [
                  "10.0.3.0/24"
                ],
                "description": "MARIA-DB",
                "from_port": 3306,
                "ipv6_cidr_blocks": [],
                "prefix_list_ids": [],
                "protocol": "tcp",
                "security_groups": [],
                "self": false,
                "to_port": 3306
              },
              {
                "cidr_blocks": [
                  "10.0.3.0/24"
                ],
                "description": "SSH",
                "from_port": 22,
                "ipv6_cidr_blocks": [],
                "prefix_list_ids": [],
                "protocol": "tcp",
                "security_groups": [],
                "self": false,
                "to_port": 22
              }
            ],
            "name": "allow_database_traffic",
            "name_prefix": "",
            "owner_id": "404795636328",
            "revoke_rules_on_delete": false,
            "tags": {
              "Name": "allow_database"
            },
            "tags_all": {
              "Name": "allow_database"
            },
            "timeouts": null,
            "vpc_id": "vpc-0ec65a926edac6422"
          },
          "sensitive_attributes": [],
          "private": "eyJlMmJmYjczMC1lY2FhLTExZTYtOGY4OC0zNDM2M2JjN2M0YzAiOnsiY3JlYXRlIjo2MDAwMDAwMDAwMDAsImRlbGV0ZSI6OTAwMDAwMDAwMDAwfSwic2NoZW1hX3ZlcnNpb24iOiIxIn0=",
          "dependencies": [
            "aws_subnet.app-database-subnet",
            "aws_vpc.nextcloud"
          ]
        }
      ]
    },
    {
      "mode": "managed",
      "type": "aws_security_group",
      "name": "allow_web",
      "provider": "provider[\"registry.terraform.io/hashicorp/aws\"]",
      "instances": [
        {
          "schema_version": 1,
          "attributes": {
            "arn": "arn:aws:ec2:us-west-1:404795636328:security-group/sg-051359309968bb7d8",
            "description": "Allow Web traffic",
            "egress": [
              {
                "cidr_blocks": [
                  "0.0.0.0/0"
                ],
                "description": "",
                "from_port": 0,
                "ipv6_cidr_blocks": [],
                "prefix_list_ids": [],
                "protocol": "-1",
                "security_groups": [],
                "self": false,
                "to_port": 0
              }
            ],
            "id": "sg-051359309968bb7d8",
            "ingress": [
              {
                "cidr_blocks": [
                  "0.0.0.0/0"
                ],
                "description": "HTTP",
                "from_port": 80,
                "ipv6_cidr_blocks": [],
                "prefix_list_ids": [],
                "protocol": "tcp",
                "security_groups": [],
                "self": false,
                "to_port": 80
              },
              {
                "cidr_blocks": [
                  "0.0.0.0/0"
                ],
                "description": "HTTPS",
                "from_port": 443,
                "ipv6_cidr_blocks": [],
                "prefix_list_ids": [],
                "protocol": "tcp",
                "security_groups": [],
                "self": false,
                "to_port": 443
              },
              {
                "cidr_blocks": [
                  "0.0.0.0/0"
                ],
                "description": "SSH",
                "from_port": 22,
                "ipv6_cidr_blocks": [],
                "prefix_list_ids": [],
                "protocol": "tcp",
                "security_groups": [],
                "self": false,
                "to_port": 22
              }
            ],
            "name": "allow_web_traffic",
            "name_prefix": "",
            "owner_id": "404795636328",
            "revoke_rules_on_delete": false,
            "tags": {
              "Name": "allow_web"
            },
            "tags_all": {
              "Name": "allow_web"
            },
            "timeouts": null,
            "vpc_id": "vpc-0ec65a926edac6422"
          },
          "sensitive_attributes": [],
          "private": "eyJlMmJmYjczMC1lY2FhLTExZTYtOGY4OC0zNDM2M2JjN2M0YzAiOnsiY3JlYXRlIjo2MDAwMDAwMDAwMDAsImRlbGV0ZSI6OTAwMDAwMDAwMDAwfSwic2NoZW1hX3ZlcnNpb24iOiIxIn0=",
          "dependencies": [
            "aws_vpc.nextcloud"
          ]
        }
      ]
    },
    {
      "mode": "managed",
      "type": "aws_subnet",
      "name": "app-database-subnet",
      "provider": "provider[\"registry.terraform.io/hashicorp/aws\"]",
      "instances": [
        {
          "schema_version": 1,
          "attributes": {
            "arn": "arn:aws:ec2:us-west-1:404795636328:subnet/subnet-066f0fcee683d0631",
            "assign_ipv6_address_on_creation": false,
            "availability_zone": "us-west-1b",
            "availability_zone_id": "usw1-az3",
            "cidr_block": "10.0.3.0/24",
            "customer_owned_ipv4_pool": "",
            "id": "subnet-066f0fcee683d0631",
            "ipv6_cidr_block": "",
            "ipv6_cidr_block_association_id": "",
            "map_customer_owned_ip_on_launch": false,
            "map_public_ip_on_launch": false,
            "outpost_arn": "",
            "owner_id": "404795636328",
            "tags": {
              "Name": "app-database-subnet"
            },
            "tags_all": {
              "Name": "app-database-subnet"
            },
            "timeouts": null,
            "vpc_id": "vpc-0ec65a926edac6422"
          },
          "sensitive_attributes": [],
          "private": "eyJlMmJmYjczMC1lY2FhLTExZTYtOGY4OC0zNDM2M2JjN2M0YzAiOnsiY3JlYXRlIjo2MDAwMDAwMDAwMDAsImRlbGV0ZSI6MTIwMDAwMDAwMDAwMH0sInNjaGVtYV92ZXJzaW9uIjoiMSJ9",
          "dependencies": [
            "aws_vpc.nextcloud"
          ]
        }
      ]
    },
    {
      "mode": "managed",
      "type": "aws_subnet",
      "name": "app-internet-subnet",
      "provider": "provider[\"registry.terraform.io/hashicorp/aws\"]",
      "instances": [
        {
          "schema_version": 1,
          "attributes": {
            "arn": "arn:aws:ec2:us-west-1:404795636328:subnet/subnet-045bfc57276cfadff",
            "assign_ipv6_address_on_creation": false,
            "availability_zone": "us-west-1b",
            "availability_zone_id": "usw1-az3",
            "cidr_block": "10.0.1.0/24",
            "customer_owned_ipv4_pool": "",
            "id": "subnet-045bfc57276cfadff",
            "ipv6_cidr_block": "",
            "ipv6_cidr_block_association_id": "",
            "map_customer_owned_ip_on_launch": false,
            "map_public_ip_on_launch": false,
            "outpost_arn": "",
            "owner_id": "404795636328",
            "tags": {
              "Name": "app-internet-subnet"
            },
            "tags_all": {
              "Name": "app-internet-subnet"
            },
            "timeouts": null,
            "vpc_id": "vpc-0ec65a926edac6422"
          },
          "sensitive_attributes": [],
          "private": "eyJlMmJmYjczMC1lY2FhLTExZTYtOGY4OC0zNDM2M2JjN2M0YzAiOnsiY3JlYXRlIjo2MDAwMDAwMDAwMDAsImRlbGV0ZSI6MTIwMDAwMDAwMDAwMH0sInNjaGVtYV92ZXJzaW9uIjoiMSJ9",
          "dependencies": [
            "aws_vpc.nextcloud"
          ]
        }
      ]
    },
    {
      "mode": "managed",
      "type": "aws_subnet",
      "name": "database-internet-subnet",
      "provider": "provider[\"registry.terraform.io/hashicorp/aws\"]",
      "instances": [
        {
          "schema_version": 1,
          "attributes": {
            "arn": "arn:aws:ec2:us-west-1:404795636328:subnet/subnet-0a1a46a72025d90a6",
            "assign_ipv6_address_on_creation": false,
            "availability_zone": "us-west-1b",
            "availability_zone_id": "usw1-az3",
            "cidr_block": "10.0.2.0/24",
            "customer_owned_ipv4_pool": "",
            "id": "subnet-0a1a46a72025d90a6",
            "ipv6_cidr_block": "",
            "ipv6_cidr_block_association_id": "",
            "map_customer_owned_ip_on_launch": false,
            "map_public_ip_on_launch": false,
            "outpost_arn": "",
            "owner_id": "404795636328",
            "tags": {
              "Name": "database-internet-subnet"
            },
            "tags_all": {
              "Name": "database-internet-subnet"
            },
            "timeouts": null,
            "vpc_id": "vpc-0ec65a926edac6422"
          },
          "sensitive_attributes": [],
          "private": "eyJlMmJmYjczMC1lY2FhLTExZTYtOGY4OC0zNDM2M2JjN2M0YzAiOnsiY3JlYXRlIjo2MDAwMDAwMDAwMDAsImRlbGV0ZSI6MTIwMDAwMDAwMDAwMH0sInNjaGVtYV92ZXJzaW9uIjoiMSJ9",
          "dependencies": [
            "aws_vpc.nextcloud"
          ]
        }
      ]
    },
    {
      "mode": "managed",
      "type": "aws_vpc",
      "name": "nextcloud",
      "provider": "provider[\"registry.terraform.io/hashicorp/aws\"]",
      "instances": [
        {
          "schema_version": 1,
          "attributes": {
            "arn": "arn:aws:ec2:us-west-1:404795636328:vpc/vpc-0ec65a926edac6422",
            "assign_generated_ipv6_cidr_block": false,
            "cidr_block": "10.0.0.0/16",
            "default_network_acl_id": "acl-0eaa98540eea76939",
            "default_route_table_id": "rtb-0863514f81ba71f4c",
            "default_security_group_id": "sg-070304f4e5114cea9",
            "dhcp_options_id": "dopt-0019f80b8ffd5fb98",
            "enable_classiclink": false,
            "enable_classiclink_dns_support": false,
            "enable_dns_hostnames": false,
            "enable_dns_support": true,
            "id": "vpc-0ec65a926edac6422",
            "instance_tenancy": "default",
            "ipv6_association_id": "",
            "ipv6_cidr_block": "",
            "main_route_table_id": "rtb-0863514f81ba71f4c",
            "owner_id": "404795636328",
            "tags": {
              "Name": "nextcloud"
            },
            "tags_all": {
              "Name": "nextcloud"
            }
          },
          "sensitive_attributes": [],
          "private": "eyJzY2hlbWFfdmVyc2lvbiI6IjEifQ=="
        }
      ]
    }
  ]
}
